# This file is autogenerated, do not edit; changes may be undone by the next 'dep ensure'.


[[projects]]
  branch = "master"
  name = "github.com/golang/glog"
  packages = ["."]
  revision = "23def4e6c14b4da8ac2ed8007337bc5eb5007998"

[[projects]]
  branch = "master"
  name = "github.com/kidoman/embd"
  packages = [".","host/generic","host/rpi"]
  revision = "d3d8c0c5c68dc6caccebb7d720f36e64bafd0a62"

[[projects]]
  branch = "master"
  name = "github.com/mackerelio/go-mackerel-plugin-helper"
  packages = ["."]
  revision = "bb755efd723cb7876b3216f12331d241a82dfc1d"

[[projects]]
  branch = "master"
  name = "github.com/mackerelio/golib"
  packages = ["pluginutil"]
  revision = "f8af1a14676acd67ed7bd1c48c4e95d978b9ce4d"

[[projects]]
  branch = "master"
  name = "github.com/taiyoh/go-embd-bme280"
  packages = ["."]
  revision = "69088e336b66ed33800f15a8578e81fccc41a4c2"

[solve-meta]
  analyzer-name = "dep"
  analyzer-version = 1
  inputs-digest = "7ba161f5f10f35dc9bb3403862b3ab78890740542980794ffa237456ce079885"
  solver-name = "gps-cdcl"
  solver-version = 1
